<Solution>
  <Project Path="../StarDictNet/StarDictNet/StarDictNet.csproj" />
  <Project Path="MobiDict.Converter/MobiDict.Converter.csproj" Id="d4f91e59-c24d-441b-817e-579a27c13569" />
  <Project Path="MobiDict.Reader/MobiDict.Reader.csproj" />
  <Project Path="MobiDictReader.Cli/MobiDictReader.Cli.csproj" />
</Solution>
